
Microsoft Visual Studio Solution File, Format Version 12.00
# Visual Studio Version 16
VisualStudioVersion = 16.0.29709.97
MinimumVisualStudioVersion = 10.0.40219.1
Project("{9A19103F-16F7-4668-BE54-9A1E7A4F7556}") = "Employee-Management-System.API", "Employee-Management-System.API\Employee-Management-System.API.csproj", "{5201D9EE-BC0B-4D56-9C79-56D956D2C48F}"
EndProject
Project("{9A19103F-16F7-4668-BE54-9A1E7A4F7556}") = "Employee-Management-System.Core", "Employee-Management-System.Core\Employee-Management-System.Core.csproj", "{F8C437F0-1833-4815-A6FB-35F9A55CC596}"
EndProject
Project("{9A19103F-16F7-4668-BE54-9A1E7A4F7556}") = "Employee-Management-System.Infrastructure", "Employee-Management-System.Infrastructure\Employee-Management-System.Infrastructure.csproj", "{CDE4D734-51A5-4911-8A7A-CE74B44F0685}"
EndProject
Global
	GlobalSection(SolutionConfigurationPlatforms) = preSolution
		Debug|Any CPU = Debug|Any CPU
		Release|Any CPU = Release|Any CPU
	EndGlobalSection
	GlobalSection(ProjectConfigurationPlatforms) = postSolution
		{5201D9EE-BC0B-4D56-9C79-56D956D2C48F}.Debug|Any CPU.ActiveCfg = Debug|Any CPU
		{5201D9EE-BC0B-4D56-9C79-56D956D2C48F}.Debug|Any CPU.Build.0 = Debug|Any CPU
		{5201D9EE-BC0B-4D56-9C79-56D956D2C48F}.Release|Any CPU.ActiveCfg = Release|Any CPU
		{5201D9EE-BC0B-4D56-9C79-56D956D2C48F}.Release|Any CPU.Build.0 = Release|Any CPU
		{F8C437F0-1833-4815-A6FB-35F9A55CC596}.Debug|Any CPU.ActiveCfg = Debug|Any CPU
		{F8C437F0-1833-4815-A6FB-35F9A55CC596}.Debug|Any CPU.Build.0 = Debug|Any CPU
		{F8C437F0-1833-4815-A6FB-35F9A55CC596}.Release|Any CPU.ActiveCfg = Release|Any CPU
		{F8C437F0-1833-4815-A6FB-35F9A55CC596}.Release|Any CPU.Build.0 = Release|Any CPU
		{CDE4D734-51A5-4911-8A7A-CE74B44F0685}.Debug|Any CPU.ActiveCfg = Debug|Any CPU
		{CDE4D734-51A5-4911-8A7A-CE74B44F0685}.Debug|Any CPU.Build.0 = Debug|Any CPU
		{CDE4D734-51A5-4911-8A7A-CE74B44F0685}.Release|Any CPU.ActiveCfg = Release|Any CPU
		{CDE4D734-51A5-4911-8A7A-CE74B44F0685}.Release|Any CPU.Build.0 = Release|Any CPU
	EndGlobalSection
	GlobalSection(SolutionProperties) = preSolution
		HideSolutionNode = FALSE
	EndGlobalSection
	GlobalSection(ExtensibilityGlobals) = postSolution
		SolutionGuid = {0599D40E-3EBE-4A33-A479-0E02E947E687}
	EndGlobalSection
EndGlobal
